
Microsoft Visual Studio Solution File, Format Version 12.00
# Visual Studio Version 16
VisualStudioVersion = 16.0.32630.194
MinimumVisualStudioVersion = 10.0.40219.1
Project("{FAE04EC0-301F-11D3-BF4B-00C04F79EFBC}") = "MiniStringFuck", "MiniStringFuck.csproj", "{EC69D455-1500-4DB8-8297-7201FB3B4A4C}"
EndProject
Global
	GlobalSection(SolutionConfigurationPlatforms) = preSolution
		Debug|Any CPU = Debug|Any CPU
		Release|Any CPU = Release|Any CPU
	EndGlobalSection
	GlobalSection(ProjectConfigurationPlatforms) = postSolution
		{EC69D455-1500-4DB8-8297-7201FB3B4A4C}.Debug|Any CPU.ActiveCfg = Debug|Any CPU
		{EC69D455-1500-4DB8-8297-7201FB3B4A4C}.Debug|Any CPU.Build.0 = Debug|Any CPU
		{EC69D455-1500-4DB8-8297-7201FB3B4A4C}.Release|Any CPU.ActiveCfg = Release|Any CPU
		{EC69D455-1500-4DB8-8297-7201FB3B4A4C}.Release|Any CPU.Build.0 = Release|Any CPU
	EndGlobalSection
	GlobalSection(SolutionProperties) = preSolution
		HideSolutionNode = FALSE
	EndGlobalSection
	GlobalSection(ExtensibilityGlobals) = postSolution
		SolutionGuid = {82EF68C1-3846-4240-A3D5-0AD9B700CACC}
	EndGlobalSection
EndGlobal
