
Microsoft Visual Studio Solution File, Format Version 12.00
# Visual Studio Version 16
VisualStudioVersion = 16.0.32630.194
MinimumVisualStudioVersion = 10.0.40219.1
Project("{FAE04EC0-301F-11D3-BF4B-00C04F79EFBC}") = "ConsoleApp1", "ConsoleApp1.csproj", "{0253F587-6C26-4CA4-B587-4E7095F76DC9}"
EndProject
Global
	GlobalSection(SolutionConfigurationPlatforms) = preSolution
		Debug|Any CPU = Debug|Any CPU
		Release|Any CPU = Release|Any CPU
	EndGlobalSection
	GlobalSection(ProjectConfigurationPlatforms) = postSolution
		{0253F587-6C26-4CA4-B587-4E7095F76DC9}.Debug|Any CPU.ActiveCfg = Debug|Any CPU
		{0253F587-6C26-4CA4-B587-4E7095F76DC9}.Debug|Any CPU.Build.0 = Debug|Any CPU
		{0253F587-6C26-4CA4-B587-4E7095F76DC9}.Release|Any CPU.ActiveCfg = Release|Any CPU
		{0253F587-6C26-4CA4-B587-4E7095F76DC9}.Release|Any CPU.Build.0 = Release|Any CPU
	EndGlobalSection
	GlobalSection(SolutionProperties) = preSolution
		HideSolutionNode = FALSE
	EndGlobalSection
	GlobalSection(ExtensibilityGlobals) = postSolution
		SolutionGuid = {6C54FAA4-578D-45DA-8344-0509B307FF1D}
	EndGlobalSection
EndGlobal
